
Microsoft Visual Studio Solution File, Format Version 12.00
# Visual Studio Version 16
VisualStudioVersion = 16.0.29911.84
MinimumVisualStudioVersion = 10.0.40219.1
Project("{9A19103F-16F7-4668-BE54-9A1E7A4F7556}") = "Model", "Model\Model.csproj", "{8FD51A6E-E0CA-49FC-B93A-0F36F81BA068}"
EndProject
Project("{9A19103F-16F7-4668-BE54-9A1E7A4F7556}") = "Common", "Common\Common.csproj", "{D213CC00-0DAD-4B65-8AAE-7148A72D49A1}"
EndProject
Project("{9A19103F-16F7-4668-BE54-9A1E7A4F7556}") = "Repository", "Repository\Repository.csproj", "{083AB199-624D-4E06-8C5E-DD10DCDAE732}"
EndProject
Project("{9A19103F-16F7-4668-BE54-9A1E7A4F7556}") = "Logic.Client", "Logic.Client\Logic.Client.csproj", "{71F50460-A6E9-4C39-B9A1-9F01197850D9}"
EndProject
Project("{9A19103F-16F7-4668-BE54-9A1E7A4F7556}") = "Logic.Server", "Logic.Server\Logic.Server.csproj", "{C10C5613-F2DE-4312-B9C3-E48D2066008C}"
EndProject
Project("{9A19103F-16F7-4668-BE54-9A1E7A4F7556}") = "View.Server", "View.Test\View.Server.csproj", "{262081F6-BE19-4F7D-84A1-9D843BA3F0BB}"
EndProject
Project("{9A19103F-16F7-4668-BE54-9A1E7A4F7556}") = "View.Client", "View.Client\View.Client.csproj", "{0CD30B88-8EB2-4B56-91D1-7788B91CE620}"
EndProject
Project("{9A19103F-16F7-4668-BE54-9A1E7A4F7556}") = "Service.Client", "Service.Client\Service.Client.csproj", "{97196287-20B8-4B61-84A3-A9B336A6F19E}"
EndProject
Project("{9A19103F-16F7-4668-BE54-9A1E7A4F7556}") = "Service.Server", "Service.Server\Service.Server.csproj", "{3A2F3C1B-7070-4F99-AA1A-A368A24E8F4A}"
EndProject
Project("{FAE04EC0-301F-11D3-BF4B-00C04F79EFBC}") = "Connector.Server", "Connector.Server\Connector.Server.csproj", "{B50F7E9C-2731-45B1-90E6-B57E80EF9111}"
EndProject
Project("{FAE04EC0-301F-11D3-BF4B-00C04F79EFBC}") = "Controller.Server", "Controller.Server\Controller.Server.csproj", "{8E961260-E412-4F02-B210-529DDA355E97}"
EndProject
Global
	GlobalSection(SolutionConfigurationPlatforms) = preSolution
		Debug|Any CPU = Debug|Any CPU
		Release|Any CPU = Release|Any CPU
	EndGlobalSection
	GlobalSection(ProjectConfigurationPlatforms) = postSolution
		{8FD51A6E-E0CA-49FC-B93A-0F36F81BA068}.Debug|Any CPU.ActiveCfg = Debug|Any CPU
		{8FD51A6E-E0CA-49FC-B93A-0F36F81BA068}.Debug|Any CPU.Build.0 = Debug|Any CPU
		{8FD51A6E-E0CA-49FC-B93A-0F36F81BA068}.Release|Any CPU.ActiveCfg = Release|Any CPU
		{8FD51A6E-E0CA-49FC-B93A-0F36F81BA068}.Release|Any CPU.Build.0 = Release|Any CPU
		{D213CC00-0DAD-4B65-8AAE-7148A72D49A1}.Debug|Any CPU.ActiveCfg = Debug|Any CPU
		{D213CC00-0DAD-4B65-8AAE-7148A72D49A1}.Debug|Any CPU.Build.0 = Debug|Any CPU
		{D213CC00-0DAD-4B65-8AAE-7148A72D49A1}.Release|Any CPU.ActiveCfg = Release|Any CPU
		{D213CC00-0DAD-4B65-8AAE-7148A72D49A1}.Release|Any CPU.Build.0 = Release|Any CPU
		{083AB199-624D-4E06-8C5E-DD10DCDAE732}.Debug|Any CPU.ActiveCfg = Debug|Any CPU
		{083AB199-624D-4E06-8C5E-DD10DCDAE732}.Debug|Any CPU.Build.0 = Debug|Any CPU
		{083AB199-624D-4E06-8C5E-DD10DCDAE732}.Release|Any CPU.ActiveCfg = Release|Any CPU
		{083AB199-624D-4E06-8C5E-DD10DCDAE732}.Release|Any CPU.Build.0 = Release|Any CPU
		{71F50460-A6E9-4C39-B9A1-9F01197850D9}.Debug|Any CPU.ActiveCfg = Debug|Any CPU
		{71F50460-A6E9-4C39-B9A1-9F01197850D9}.Debug|Any CPU.Build.0 = Debug|Any CPU
		{71F50460-A6E9-4C39-B9A1-9F01197850D9}.Release|Any CPU.ActiveCfg = Release|Any CPU
		{71F50460-A6E9-4C39-B9A1-9F01197850D9}.Release|Any CPU.Build.0 = Release|Any CPU
		{C10C5613-F2DE-4312-B9C3-E48D2066008C}.Debug|Any CPU.ActiveCfg = Debug|Any CPU
		{C10C5613-F2DE-4312-B9C3-E48D2066008C}.Debug|Any CPU.Build.0 = Debug|Any CPU
		{C10C5613-F2DE-4312-B9C3-E48D2066008C}.Release|Any CPU.ActiveCfg = Release|Any CPU
		{C10C5613-F2DE-4312-B9C3-E48D2066008C}.Release|Any CPU.Build.0 = Release|Any CPU
		{262081F6-BE19-4F7D-84A1-9D843BA3F0BB}.Debug|Any CPU.ActiveCfg = Debug|Any CPU
		{262081F6-BE19-4F7D-84A1-9D843BA3F0BB}.Debug|Any CPU.Build.0 = Debug|Any CPU
		{262081F6-BE19-4F7D-84A1-9D843BA3F0BB}.Release|Any CPU.ActiveCfg = Release|Any CPU
		{262081F6-BE19-4F7D-84A1-9D843BA3F0BB}.Release|Any CPU.Build.0 = Release|Any CPU
		{0CD30B88-8EB2-4B56-91D1-7788B91CE620}.Debug|Any CPU.ActiveCfg = Debug|Any CPU
		{0CD30B88-8EB2-4B56-91D1-7788B91CE620}.Debug|Any CPU.Build.0 = Debug|Any CPU
		{0CD30B88-8EB2-4B56-91D1-7788B91CE620}.Release|Any CPU.ActiveCfg = Release|Any CPU
		{0CD30B88-8EB2-4B56-91D1-7788B91CE620}.Release|Any CPU.Build.0 = Release|Any CPU
		{97196287-20B8-4B61-84A3-A9B336A6F19E}.Debug|Any CPU.ActiveCfg = Debug|Any CPU
		{97196287-20B8-4B61-84A3-A9B336A6F19E}.Debug|Any CPU.Build.0 = Debug|Any CPU
		{97196287-20B8-4B61-84A3-A9B336A6F19E}.Release|Any CPU.ActiveCfg = Release|Any CPU
		{97196287-20B8-4B61-84A3-A9B336A6F19E}.Release|Any CPU.Build.0 = Release|Any CPU
		{3A2F3C1B-7070-4F99-AA1A-A368A24E8F4A}.Debug|Any CPU.ActiveCfg = Debug|Any CPU
		{3A2F3C1B-7070-4F99-AA1A-A368A24E8F4A}.Debug|Any CPU.Build.0 = Debug|Any CPU
		{3A2F3C1B-7070-4F99-AA1A-A368A24E8F4A}.Release|Any CPU.ActiveCfg = Release|Any CPU
		{3A2F3C1B-7070-4F99-AA1A-A368A24E8F4A}.Release|Any CPU.Build.0 = Release|Any CPU
		{B50F7E9C-2731-45B1-90E6-B57E80EF9111}.Debug|Any CPU.ActiveCfg = Debug|Any CPU
		{B50F7E9C-2731-45B1-90E6-B57E80EF9111}.Debug|Any CPU.Build.0 = Debug|Any CPU
		{B50F7E9C-2731-45B1-90E6-B57E80EF9111}.Release|Any CPU.ActiveCfg = Release|Any CPU
		{B50F7E9C-2731-45B1-90E6-B57E80EF9111}.Release|Any CPU.Build.0 = Release|Any CPU
		{8E961260-E412-4F02-B210-529DDA355E97}.Debug|Any CPU.ActiveCfg = Debug|Any CPU
		{8E961260-E412-4F02-B210-529DDA355E97}.Debug|Any CPU.Build.0 = Debug|Any CPU
		{8E961260-E412-4F02-B210-529DDA355E97}.Release|Any CPU.ActiveCfg = Release|Any CPU
		{8E961260-E412-4F02-B210-529DDA355E97}.Release|Any CPU.Build.0 = Release|Any CPU
	EndGlobalSection
	GlobalSection(SolutionProperties) = preSolution
		HideSolutionNode = FALSE
	EndGlobalSection
	GlobalSection(ExtensibilityGlobals) = postSolution
		SolutionGuid = {65B1C94D-BBAB-4C64-9743-361FCA3D1AB6}
	EndGlobalSection
EndGlobal
